lockfile_version: '1'
generated_at: '2026-08-14T22:44:55.514300+00:00'
apm_version: 0.28.0
dependencies:
- repo_url: ministryofjustice/ai-toolkit
  name: data-platform-platform-engineering
  host: github.com
  resolved_commit: 38927267ae41fd01c55686012fb209320854cbd5
  resolved_ref: main
  version: 1.0.0
  virtual_path: toolkits/data-platform/platform-engineering
  is_virtual: true
  package_type: apm_package
  deployed_files:
  - .github/instructions/commit.instructions.md
  - .github/instructions/github.instructions.md
  - .github/instructions/kubernetes.instructions.md
  - .github/instructions/terraform.instructions.md
  deployed_file_hashes:
    .github/instructions/commit.instructions.md: sha256:2e7d859817798f4b208bf5b6cb32e96974600912eb7c40039770b30d5ce161a0
    .github/instructions/github.instructions.md: sha256:62ffb9365ca4c2c27b00f3fe5bc583fa14b17a2ef29eec5e0d23875a7fa5771f
    .github/instructions/kubernetes.instructions.md: sha256:5be3cc0fb12e846863c04fed94300b67c291ad87175298145134b9f260ebc615
    .github/instructions/terraform.instructions.md: sha256:b118b58609d51d979a2d700d2d1196cbe25bec795bd8014b59b85f2d6bde37ca
  content_hash: sha256:bd976b29ce167956f99376f310b61db075bb3a1a913a11b7e29f5e6d4864316a
- repo_url: ministryofjustice/ai-toolkit
  name: universal
  host: github.com
  resolved_commit: 38927267ae41fd01c55686012fb209320854cbd5
  resolved_ref: main
  version: 1.0.0
  virtual_path: toolkits/universal
  is_virtual: true
  package_type: apm_package
  deployed_files:
  - .github/instructions/language.instructions.md
  - .github/instructions/ministryofjustice.instructions.md
  deployed_file_hashes:
    .github/instructions/language.instructions.md: sha256:dbbd7951e0cfcdff32b237f1b35ab62ce9f30ceb6c3674f8f1d028a2b7c7c9be
    .github/instructions/ministryofjustice.instructions.md: sha256:e5f98f5dae901db79b6a869826fb40fcc051fe1ddd057e5fd4dc8d7822e1e652
  content_hash: sha256:f503de05a01685575188eee0610cafd4ac2ed0688bf4848d16f5f5e0c41ab435
deployments:
- kind: project-relative
  target: copilot
  value: .github/instructions/commit.instructions.md
  runtime: null
  scope: project
  owners:
  - ministryofjustice/ai-toolkit/toolkits/data-platform/platform-engineering
  active_owner: ministryofjustice/ai-toolkit/toolkits/data-platform/platform-engineering
  content_hash: sha256:2e7d859817798f4b208bf5b6cb32e96974600912eb7c40039770b30d5ce161a0
- kind: project-relative
  target: copilot
  value: .github/instructions/github.instructions.md
  runtime: null
  scope: project
  owners:
  - ministryofjustice/ai-toolkit/toolkits/data-platform/platform-engineering
  active_owner: ministryofjustice/ai-toolkit/toolkits/data-platform/platform-engineering
  content_hash: sha256:62ffb9365ca4c2c27b00f3fe5bc583fa14b17a2ef29eec5e0d23875a7fa5771f
- kind: project-relative
  target: copilot
  value: .github/instructions/kubernetes.instructions.md
  runtime: null
  scope: project
  owners:
  - ministryofjustice/ai-toolkit/toolkits/data-platform/platform-engineering
  active_owner: ministryofjustice/ai-toolkit/toolkits/data-platform/platform-engineering
  content_hash: sha256:5be3cc0fb12e846863c04fed94300b67c291ad87175298145134b9f260ebc615
- kind: project-relative
  target: copilot
  value: .github/instructions/language.instructions.md
  runtime: null
  scope: project
  owners:
  - ministryofjustice/ai-toolkit/toolkits/universal
  active_owner: ministryofjustice/ai-toolkit/toolkits/universal
  content_hash: sha256:dbbd7951e0cfcdff32b237f1b35ab62ce9f30ceb6c3674f8f1d028a2b7c7c9be
- kind: project-relative
  target: copilot
  value: .github/instructions/ministryofjustice.instructions.md
  runtime: null
  scope: project
  owners:
  - ministryofjustice/ai-toolkit/toolkits/universal
  active_owner: ministryofjustice/ai-toolkit/toolkits/universal
  content_hash: sha256:e5f98f5dae901db79b6a869826fb40fcc051fe1ddd057e5fd4dc8d7822e1e652
- kind: project-relative
  target: copilot
  value: .github/instructions/terraform.instructions.md
  runtime: null
  scope: project
  owners:
  - ministryofjustice/ai-toolkit/toolkits/data-platform/platform-engineering
  active_owner: ministryofjustice/ai-toolkit/toolkits/data-platform/platform-engineering
  content_hash: sha256:b118b58609d51d979a2d700d2d1196cbe25bec795bd8014b59b85f2d6bde37ca
- kind: uri
  target: mcp
  value: github
  runtime: vscode
  scope: project
  owners:
  - .
  active_owner: .
  content_hash: null
mcp_servers:
- github
mcp_configs:
  github:
    name: github
    transport: http
    registry: false
    url: https://api.githubcopilot.com/mcp/
mcp_target_servers:
  vscode:
  - github
mcp_config_provenance:
  github: universal
